
Microsoft Visual Studio Solution File, Format Version 12.00
# Visual Studio Version 17
VisualStudioVersion = 17.4.33213.308
MinimumVisualStudioVersion = 10.0.40219.1
Project("{FAE04EC0-301F-11D3-BF4B-00C04F79EFBC}") = "WindowsFormsApp4", "WindowsFormsApp4\WindowsFormsApp4.csproj", "{46E97A55-5BB3-40C5-BE87-A67DB3A5F797}"
EndProject
Global
	GlobalSection(SolutionConfigurationPlatforms) = preSolution
		Debug|Any CPU = Debug|Any CPU
		Release|Any CPU = Release|Any CPU
	EndGlobalSection
	GlobalSection(ProjectConfigurationPlatforms) = postSolution
		{46E97A55-5BB3-40C5-BE87-A67DB3A5F797}.Debug|Any CPU.ActiveCfg = Debug|Any CPU
		{46E97A55-5BB3-40C5-BE87-A67DB3A5F797}.Debug|Any CPU.Build.0 = Debug|Any CPU
		{46E97A55-5BB3-40C5-BE87-A67DB3A5F797}.Release|Any CPU.ActiveCfg = Release|Any CPU
		{46E97A55-5BB3-40C5-BE87-A67DB3A5F797}.Release|Any CPU.Build.0 = Release|Any CPU
	EndGlobalSection
	GlobalSection(SolutionProperties) = preSolution
		HideSolutionNode = FALSE
	EndGlobalSection
	GlobalSection(ExtensibilityGlobals) = postSolution
		SolutionGuid = {DB4A7F83-C508-4C2E-A6D1-56E9E09433E0}
	EndGlobalSection
EndGlobal
